
Microsoft Visual Studio Solution File, Format Version 12.00
# Visual Studio 15
VisualStudioVersion = 15.0.28010.2046
MinimumVisualStudioVersion = 10.0.40219.1
Project("{FAE04EC0-301F-11D3-BF4B-00C04F79EFBC}") = "AbsaAssessmentTask2", "AbsaAssessmentTask2\AbsaAssessmentTask2.csproj", "{1D80F837-323A-450A-B7C6-E036BA2ADAFB}"
EndProject
Global
	GlobalSection(SolutionConfigurationPlatforms) = preSolution
		Debug|Any CPU = Debug|Any CPU
		Release|Any CPU = Release|Any CPU
	EndGlobalSection
	GlobalSection(ProjectConfigurationPlatforms) = postSolution
		{1D80F837-323A-450A-B7C6-E036BA2ADAFB}.Debug|Any CPU.ActiveCfg = Debug|Any CPU
		{1D80F837-323A-450A-B7C6-E036BA2ADAFB}.Debug|Any CPU.Build.0 = Debug|Any CPU
		{1D80F837-323A-450A-B7C6-E036BA2ADAFB}.Release|Any CPU.ActiveCfg = Release|Any CPU
		{1D80F837-323A-450A-B7C6-E036BA2ADAFB}.Release|Any CPU.Build.0 = Release|Any CPU
	EndGlobalSection
	GlobalSection(SolutionProperties) = preSolution
		HideSolutionNode = FALSE
	EndGlobalSection
	GlobalSection(ExtensibilityGlobals) = postSolution
		SolutionGuid = {4FBA2DE8-1A64-4162-84B5-AED5AF6767DB}
	EndGlobalSection
EndGlobal
